
Microsoft Visual Studio Solution File, Format Version 12.00
# Visual Studio 15
VisualStudioVersion = 15.0.26124.0
MinimumVisualStudioVersion = 15.0.26124.0
Project("{FAE04EC0-301F-11D3-BF4B-00C04F79EFBC}") = "HelloWorld", "Src\HelloWorld\HelloWorld\HelloWorld.csproj", "{40BED503-24E6-4AA3-813D-460FFEC29DBF}"
EndProject
Project("{2150E333-8FDC-42A3-9474-1A3956D46DE8}") = "HelloWorld", "HelloWorld", "{C40D0CD0-183E-11EA-AE5F-CD99AA64B20A}"
EndProject
Project("{2150E333-8FDC-42A3-9474-1A3956D46DE8}") = "Src", "Src", "{D45814D0-183F-11EA-AE5F-CD99AA64B20A}"
EndProject
Project("{FAE04EC0-301F-11D3-BF4B-00C04F79EFBC}") = "HelloWorld.Tests", "Src\HelloWorld\HelloWorld.Tests\HelloWorld.Tests.csproj", "{042525CB-F445-49B2-92DC-E6C22DDA34FA}"
EndProject
Project("{FAE04EC0-301F-11D3-BF4B-00C04F79EFBC}") = "InventoryProvider", "Src\InventoryProvider\InventoryProvider.csproj", "{3699594E-2177-488A-8553-D292EB45B983}"
EndProject
Project("{FAE04EC0-301F-11D3-BF4B-00C04F79EFBC}") = "ShoppingCart", "Src\ShoppingCart\ShoppingCart.csproj", "{060763A7-43F1-41D3-BC9D-8D721B7E9DFE}"
EndProject
Project("{FAE04EC0-301F-11D3-BF4B-00C04F79EFBC}") = "ShippingProvider", "Src\ShippingProvider\ShippingProvider.csproj", "{BC8DB9E9-0E1E-4396-87DB-B723C31B9076}"
EndProject
Global
	GlobalSection(SolutionConfigurationPlatforms) = preSolution
		Debug|Any CPU = Debug|Any CPU
		Debug|x64 = Debug|x64
		Debug|x86 = Debug|x86
		Release|Any CPU = Release|Any CPU
		Release|x64 = Release|x64
		Release|x86 = Release|x86
	EndGlobalSection
	GlobalSection(SolutionProperties) = preSolution
		HideSolutionNode = FALSE
	EndGlobalSection
	GlobalSection(ProjectConfigurationPlatforms) = postSolution
		{40BED503-24E6-4AA3-813D-460FFEC29DBF}.Debug|Any CPU.ActiveCfg = Debug|Any CPU
		{40BED503-24E6-4AA3-813D-460FFEC29DBF}.Debug|Any CPU.Build.0 = Debug|Any CPU
		{40BED503-24E6-4AA3-813D-460FFEC29DBF}.Debug|x64.ActiveCfg = Debug|Any CPU
		{40BED503-24E6-4AA3-813D-460FFEC29DBF}.Debug|x64.Build.0 = Debug|Any CPU
		{40BED503-24E6-4AA3-813D-460FFEC29DBF}.Debug|x86.ActiveCfg = Debug|Any CPU
		{40BED503-24E6-4AA3-813D-460FFEC29DBF}.Debug|x86.Build.0 = Debug|Any CPU
		{40BED503-24E6-4AA3-813D-460FFEC29DBF}.Release|Any CPU.ActiveCfg = Release|Any CPU
		{40BED503-24E6-4AA3-813D-460FFEC29DBF}.Release|Any CPU.Build.0 = Release|Any CPU
		{40BED503-24E6-4AA3-813D-460FFEC29DBF}.Release|x64.ActiveCfg = Release|Any CPU
		{40BED503-24E6-4AA3-813D-460FFEC29DBF}.Release|x64.Build.0 = Release|Any CPU
		{40BED503-24E6-4AA3-813D-460FFEC29DBF}.Release|x86.ActiveCfg = Release|Any CPU
		{40BED503-24E6-4AA3-813D-460FFEC29DBF}.Release|x86.Build.0 = Release|Any CPU
		{042525CB-F445-49B2-92DC-E6C22DDA34FA}.Debug|Any CPU.ActiveCfg = Debug|Any CPU
		{042525CB-F445-49B2-92DC-E6C22DDA34FA}.Debug|Any CPU.Build.0 = Debug|Any CPU
		{042525CB-F445-49B2-92DC-E6C22DDA34FA}.Debug|x64.ActiveCfg = Debug|Any CPU
		{042525CB-F445-49B2-92DC-E6C22DDA34FA}.Debug|x64.Build.0 = Debug|Any CPU
		{042525CB-F445-49B2-92DC-E6C22DDA34FA}.Debug|x86.ActiveCfg = Debug|Any CPU
		{042525CB-F445-49B2-92DC-E6C22DDA34FA}.Debug|x86.Build.0 = Debug|Any CPU
		{042525CB-F445-49B2-92DC-E6C22DDA34FA}.Release|Any CPU.ActiveCfg = Release|Any CPU
		{042525CB-F445-49B2-92DC-E6C22DDA34FA}.Release|Any CPU.Build.0 = Release|Any CPU
		{042525CB-F445-49B2-92DC-E6C22DDA34FA}.Release|x64.ActiveCfg = Release|Any CPU
		{042525CB-F445-49B2-92DC-E6C22DDA34FA}.Release|x64.Build.0 = Release|Any CPU
		{042525CB-F445-49B2-92DC-E6C22DDA34FA}.Release|x86.ActiveCfg = Release|Any CPU
		{042525CB-F445-49B2-92DC-E6C22DDA34FA}.Release|x86.Build.0 = Release|Any CPU
		{3699594E-2177-488A-8553-D292EB45B983}.Debug|Any CPU.ActiveCfg = Debug|Any CPU
		{3699594E-2177-488A-8553-D292EB45B983}.Debug|Any CPU.Build.0 = Debug|Any CPU
		{3699594E-2177-488A-8553-D292EB45B983}.Debug|x64.ActiveCfg = Debug|Any CPU
		{3699594E-2177-488A-8553-D292EB45B983}.Debug|x64.Build.0 = Debug|Any CPU
		{3699594E-2177-488A-8553-D292EB45B983}.Debug|x86.ActiveCfg = Debug|Any CPU
		{3699594E-2177-488A-8553-D292EB45B983}.Debug|x86.Build.0 = Debug|Any CPU
		{3699594E-2177-488A-8553-D292EB45B983}.Release|Any CPU.ActiveCfg = Release|Any CPU
		{3699594E-2177-488A-8553-D292EB45B983}.Release|Any CPU.Build.0 = Release|Any CPU
		{3699594E-2177-488A-8553-D292EB45B983}.Release|x64.ActiveCfg = Release|Any CPU
		{3699594E-2177-488A-8553-D292EB45B983}.Release|x64.Build.0 = Release|Any CPU
		{3699594E-2177-488A-8553-D292EB45B983}.Release|x86.ActiveCfg = Release|Any CPU
		{3699594E-2177-488A-8553-D292EB45B983}.Release|x86.Build.0 = Release|Any CPU
		{060763A7-43F1-41D3-BC9D-8D721B7E9DFE}.Debug|Any CPU.ActiveCfg = Debug|Any CPU
		{060763A7-43F1-41D3-BC9D-8D721B7E9DFE}.Debug|Any CPU.Build.0 = Debug|Any CPU
		{060763A7-43F1-41D3-BC9D-8D721B7E9DFE}.Debug|x64.ActiveCfg = Debug|Any CPU
		{060763A7-43F1-41D3-BC9D-8D721B7E9DFE}.Debug|x64.Build.0 = Debug|Any CPU
		{060763A7-43F1-41D3-BC9D-8D721B7E9DFE}.Debug|x86.ActiveCfg = Debug|Any CPU
		{060763A7-43F1-41D3-BC9D-8D721B7E9DFE}.Debug|x86.Build.0 = Debug|Any CPU
		{060763A7-43F1-41D3-BC9D-8D721B7E9DFE}.Release|Any CPU.ActiveCfg = Release|Any CPU
		{060763A7-43F1-41D3-BC9D-8D721B7E9DFE}.Release|Any CPU.Build.0 = Release|Any CPU
		{060763A7-43F1-41D3-BC9D-8D721B7E9DFE}.Release|x64.ActiveCfg = Release|Any CPU
		{060763A7-43F1-41D3-BC9D-8D721B7E9DFE}.Release|x64.Build.0 = Release|Any CPU
		{060763A7-43F1-41D3-BC9D-8D721B7E9DFE}.Release|x86.ActiveCfg = Release|Any CPU
		{060763A7-43F1-41D3-BC9D-8D721B7E9DFE}.Release|x86.Build.0 = Release|Any CPU
		{BC8DB9E9-0E1E-4396-87DB-B723C31B9076}.Debug|Any CPU.ActiveCfg = Debug|Any CPU
		{BC8DB9E9-0E1E-4396-87DB-B723C31B9076}.Debug|Any CPU.Build.0 = Debug|Any CPU
		{BC8DB9E9-0E1E-4396-87DB-B723C31B9076}.Debug|x64.ActiveCfg = Debug|Any CPU
		{BC8DB9E9-0E1E-4396-87DB-B723C31B9076}.Debug|x64.Build.0 = Debug|Any CPU
		{BC8DB9E9-0E1E-4396-87DB-B723C31B9076}.Debug|x86.ActiveCfg = Debug|Any CPU
		{BC8DB9E9-0E1E-4396-87DB-B723C31B9076}.Debug|x86.Build.0 = Debug|Any CPU
		{BC8DB9E9-0E1E-4396-87DB-B723C31B9076}.Release|Any CPU.ActiveCfg = Release|Any CPU
		{BC8DB9E9-0E1E-4396-87DB-B723C31B9076}.Release|Any CPU.Build.0 = Release|Any CPU
		{BC8DB9E9-0E1E-4396-87DB-B723C31B9076}.Release|x64.ActiveCfg = Release|Any CPU
		{BC8DB9E9-0E1E-4396-87DB-B723C31B9076}.Release|x64.Build.0 = Release|Any CPU
		{BC8DB9E9-0E1E-4396-87DB-B723C31B9076}.Release|x86.ActiveCfg = Release|Any CPU
		{BC8DB9E9-0E1E-4396-87DB-B723C31B9076}.Release|x86.Build.0 = Release|Any CPU
	EndGlobalSection
	GlobalSection(NestedProjects) = preSolution
		{C40D0CD0-183E-11EA-AE5F-CD99AA64B20A} = {D45814D0-183F-11EA-AE5F-CD99AA64B20A}
		{40BED503-24E6-4AA3-813D-460FFEC29DBF} = {C40D0CD0-183E-11EA-AE5F-CD99AA64B20A}
		{042525CB-F445-49B2-92DC-E6C22DDA34FA} = {C40D0CD0-183E-11EA-AE5F-CD99AA64B20A}
		{3699594E-2177-488A-8553-D292EB45B983} = {D45814D0-183F-11EA-AE5F-CD99AA64B20A}
		{060763A7-43F1-41D3-BC9D-8D721B7E9DFE} = {D45814D0-183F-11EA-AE5F-CD99AA64B20A}
		{BC8DB9E9-0E1E-4396-87DB-B723C31B9076} = {D45814D0-183F-11EA-AE5F-CD99AA64B20A}
	EndGlobalSection
EndGlobal
